{
  "name": "13_sync_async",
  "version": "1.0.0",
  "lockfileVersion": 1,
  "requires": true,
  "dependencies": {
    "lerolero": {
      "version": "0.1.0",
      "resolved": "https://registry.npmjs.org/lerolero/-/lerolero-0.1.0.tgz",
      "integrity": "sha512-M1+CpYENss+v6kj/85LtXV+uHlDGVBGzynUrkYQ1hvNhB57zmNDyojT5RmHyOzhPlXBOKCMdPVCFYz8uYEz/Aw=="
    }
  }
}
